
Microsoft Visual Studio Solution File, Format Version 12.00
# Visual Studio Version 16
VisualStudioVersion = 16.0.29201.188
MinimumVisualStudioVersion = 10.0.40219.1
Project("{FAE04EC0-301F-11D3-BF4B-00C04F79EFBC}") = "testrsa", "testrsa.csproj", "{96BB49D6-E860-424C-BF74-AF688F00B2D2}"
EndProject
Global
	GlobalSection(SolutionConfigurationPlatforms) = preSolution
		Debug|Any CPU = Debug|Any CPU
		Release|Any CPU = Release|Any CPU
	EndGlobalSection
	GlobalSection(ProjectConfigurationPlatforms) = postSolution
		{96BB49D6-E860-424C-BF74-AF688F00B2D2}.Debug|Any CPU.ActiveCfg = Debug|Any CPU
		{96BB49D6-E860-424C-BF74-AF688F00B2D2}.Debug|Any CPU.Build.0 = Debug|Any CPU
		{96BB49D6-E860-424C-BF74-AF688F00B2D2}.Release|Any CPU.ActiveCfg = Release|Any CPU
		{96BB49D6-E860-424C-BF74-AF688F00B2D2}.Release|Any CPU.Build.0 = Release|Any CPU
	EndGlobalSection
	GlobalSection(SolutionProperties) = preSolution
		HideSolutionNode = FALSE
	EndGlobalSection
	GlobalSection(ExtensibilityGlobals) = postSolution
		SolutionGuid = {698CA0D0-156A-45E9-9833-5F711FB0B66E}
	EndGlobalSection
EndGlobal
